
Microsoft Visual Studio Solution File, Format Version 12.00
# Visual Studio Version 17
VisualStudioVersion = 17.4.33205.214
MinimumVisualStudioVersion = 10.0.40219.1
Project("{FAE04EC0-301F-11D3-BF4B-00C04F79EFBC}") = "ASCOM.Dome.TestApplication", "ASCOM.Dome.TestApplication\ASCOM.Dome.TestApplication.csproj", "{8E8D406C-1838-4914-867D-AB602D0EAF3E}"
EndProject
Project("{FAE04EC0-301F-11D3-BF4B-00C04F79EFBC}") = "ASCOM.ObservingConditions.TestApplication", "ASCOM.ObservingConditions.TestApplication\ASCOM.ObservingConditions.TestApplication.csproj", "{2683CD83-74C5-4DA3-B4FA-FD49DED9BC59}"
EndProject
Project("{FAE04EC0-301F-11D3-BF4B-00C04F79EFBC}") = "ASCOM.Switch.TestApplication", "ASCOM.Switch.TestApplication\ASCOM.Switch.TestApplication.csproj", "{544B8128-6D5A-4004-A6C3-1A962005542C}"
EndProject
Project("{FAE04EC0-301F-11D3-BF4B-00C04F79EFBC}") = "ASCOM.SafetyMonitor.TestApplication", "ASCOM.SafetyMonitor.TestApplication\ASCOM.SafetyMonitor.TestApplication.csproj", "{D96819A4-78C1-43C6-B7E2-D6DAEAB2CE63}"
EndProject
Project("{FAE04EC0-301F-11D3-BF4B-00C04F79EFBC}") = "ASCOM.Telescope.TestApplication", "ASCOM.Telescope.TestApplication\ASCOM.Telescope.TestApplication.csproj", "{69347FCF-6D9A-438D-A304-18C2110213B4}"
EndProject
Project("{FAE04EC0-301F-11D3-BF4B-00C04F79EFBC}") = "ASCOM.CoverCalibrator.TestApplication", "ASCOM.CoverCalibrator.TestApplication\ASCOM.CoverCalibrator.TestApplication.csproj", "{A7310C01-B4D4-42B8-9FB8-34D1186A20CD}"
EndProject
Global
	GlobalSection(SolutionConfigurationPlatforms) = preSolution
		Debug|x64 = Debug|x64
		Debug|x86 = Debug|x86
		Release|x64 = Release|x64
		Release|x86 = Release|x86
	EndGlobalSection
	GlobalSection(ProjectConfigurationPlatforms) = postSolution
		{8E8D406C-1838-4914-867D-AB602D0EAF3E}.Debug|x64.ActiveCfg = Debug|x64
		{8E8D406C-1838-4914-867D-AB602D0EAF3E}.Debug|x64.Build.0 = Debug|x64
		{8E8D406C-1838-4914-867D-AB602D0EAF3E}.Debug|x86.ActiveCfg = Debug|x86
		{8E8D406C-1838-4914-867D-AB602D0EAF3E}.Debug|x86.Build.0 = Debug|x86
		{8E8D406C-1838-4914-867D-AB602D0EAF3E}.Release|x64.ActiveCfg = Release|x64
		{8E8D406C-1838-4914-867D-AB602D0EAF3E}.Release|x64.Build.0 = Release|x64
		{8E8D406C-1838-4914-867D-AB602D0EAF3E}.Release|x86.ActiveCfg = Release|x86
		{8E8D406C-1838-4914-867D-AB602D0EAF3E}.Release|x86.Build.0 = Release|x86
		{2683CD83-74C5-4DA3-B4FA-FD49DED9BC59}.Debug|x64.ActiveCfg = Debug|x64
		{2683CD83-74C5-4DA3-B4FA-FD49DED9BC59}.Debug|x64.Build.0 = Debug|x64
		{2683CD83-74C5-4DA3-B4FA-FD49DED9BC59}.Debug|x86.ActiveCfg = Debug|x86
		{2683CD83-74C5-4DA3-B4FA-FD49DED9BC59}.Debug|x86.Build.0 = Debug|x86
		{2683CD83-74C5-4DA3-B4FA-FD49DED9BC59}.Release|x64.ActiveCfg = Release|x64
		{2683CD83-74C5-4DA3-B4FA-FD49DED9BC59}.Release|x64.Build.0 = Release|x64
		{2683CD83-74C5-4DA3-B4FA-FD49DED9BC59}.Release|x86.ActiveCfg = Release|x86
		{2683CD83-74C5-4DA3-B4FA-FD49DED9BC59}.Release|x86.Build.0 = Release|x86
		{544B8128-6D5A-4004-A6C3-1A962005542C}.Debug|x64.ActiveCfg = Debug|x64
		{544B8128-6D5A-4004-A6C3-1A962005542C}.Debug|x64.Build.0 = Debug|x64
		{544B8128-6D5A-4004-A6C3-1A962005542C}.Debug|x86.ActiveCfg = Debug|x86
		{544B8128-6D5A-4004-A6C3-1A962005542C}.Debug|x86.Build.0 = Debug|x86
		{544B8128-6D5A-4004-A6C3-1A962005542C}.Release|x64.ActiveCfg = Release|x64
		{544B8128-6D5A-4004-A6C3-1A962005542C}.Release|x64.Build.0 = Release|x64
		{544B8128-6D5A-4004-A6C3-1A962005542C}.Release|x86.ActiveCfg = Release|x86
		{544B8128-6D5A-4004-A6C3-1A962005542C}.Release|x86.Build.0 = Release|x86
		{D96819A4-78C1-43C6-B7E2-D6DAEAB2CE63}.Debug|x64.ActiveCfg = Debug|x64
		{D96819A4-78C1-43C6-B7E2-D6DAEAB2CE63}.Debug|x64.Build.0 = Debug|x64
		{D96819A4-78C1-43C6-B7E2-D6DAEAB2CE63}.Debug|x86.ActiveCfg = Debug|x86
		{D96819A4-78C1-43C6-B7E2-D6DAEAB2CE63}.Debug|x86.Build.0 = Debug|x86
		{D96819A4-78C1-43C6-B7E2-D6DAEAB2CE63}.Release|x64.ActiveCfg = Release|x64
		{D96819A4-78C1-43C6-B7E2-D6DAEAB2CE63}.Release|x64.Build.0 = Release|x64
		{D96819A4-78C1-43C6-B7E2-D6DAEAB2CE63}.Release|x86.ActiveCfg = Release|x86
		{D96819A4-78C1-43C6-B7E2-D6DAEAB2CE63}.Release|x86.Build.0 = Release|x86
		{69347FCF-6D9A-438D-A304-18C2110213B4}.Debug|x64.ActiveCfg = Debug|x64
		{69347FCF-6D9A-438D-A304-18C2110213B4}.Debug|x64.Build.0 = Debug|x64
		{69347FCF-6D9A-438D-A304-18C2110213B4}.Debug|x86.ActiveCfg = Debug|x86
		{69347FCF-6D9A-438D-A304-18C2110213B4}.Debug|x86.Build.0 = Debug|x86
		{69347FCF-6D9A-438D-A304-18C2110213B4}.Release|x64.ActiveCfg = Release|x64
		{69347FCF-6D9A-438D-A304-18C2110213B4}.Release|x64.Build.0 = Release|x64
		{69347FCF-6D9A-438D-A304-18C2110213B4}.Release|x86.ActiveCfg = Release|x86
		{69347FCF-6D9A-438D-A304-18C2110213B4}.Release|x86.Build.0 = Release|x86
		{A7310C01-B4D4-42B8-9FB8-34D1186A20CD}.Debug|x64.ActiveCfg = Debug|Any CPU
		{A7310C01-B4D4-42B8-9FB8-34D1186A20CD}.Debug|x64.Build.0 = Debug|Any CPU
		{A7310C01-B4D4-42B8-9FB8-34D1186A20CD}.Debug|x86.ActiveCfg = Debug|Any CPU
		{A7310C01-B4D4-42B8-9FB8-34D1186A20CD}.Debug|x86.Build.0 = Debug|Any CPU
		{A7310C01-B4D4-42B8-9FB8-34D1186A20CD}.Release|x64.ActiveCfg = Release|Any CPU
		{A7310C01-B4D4-42B8-9FB8-34D1186A20CD}.Release|x64.Build.0 = Release|Any CPU
		{A7310C01-B4D4-42B8-9FB8-34D1186A20CD}.Release|x86.ActiveCfg = Release|Any CPU
		{A7310C01-B4D4-42B8-9FB8-34D1186A20CD}.Release|x86.Build.0 = Release|Any CPU
	EndGlobalSection
	GlobalSection(SolutionProperties) = preSolution
		HideSolutionNode = FALSE
	EndGlobalSection
	GlobalSection(ExtensibilityGlobals) = postSolution
		SolutionGuid = {A4456B9D-CD2A-4E68-84A9-24DC3C5F1BD5}
	EndGlobalSection
EndGlobal
